
Microsoft Visual Studio Solution File, Format Version 12.00
# Visual Studio Version 17
VisualStudioVersion = 17.4.33213.308
MinimumVisualStudioVersion = 10.0.40219.1
Project("{888888A0-9F3D-457C-B088-3A5042F75D52}") = "PythonTemperatura", "PythonTemperatura\PythonTemperatura.pyproj", "{7C4FAC7E-44D1-4ACD-9E54-7F8ADBFB450C}"
EndProject
Global
	GlobalSection(SolutionConfigurationPlatforms) = preSolution
		Debug|Any CPU = Debug|Any CPU
		Release|Any CPU = Release|Any CPU
	EndGlobalSection
	GlobalSection(ProjectConfigurationPlatforms) = postSolution
		{7C4FAC7E-44D1-4ACD-9E54-7F8ADBFB450C}.Debug|Any CPU.ActiveCfg = Debug|Any CPU
		{7C4FAC7E-44D1-4ACD-9E54-7F8ADBFB450C}.Release|Any CPU.ActiveCfg = Release|Any CPU
	EndGlobalSection
	GlobalSection(SolutionProperties) = preSolution
		HideSolutionNode = FALSE
	EndGlobalSection
	GlobalSection(ExtensibilityGlobals) = postSolution
		SolutionGuid = {8A51E6C6-00E9-4AFF-93B1-74509030C74D}
	EndGlobalSection
EndGlobal
